
Microsoft Visual Studio Solution File, Format Version 12.00
# Visual Studio Version 17
VisualStudioVersion = 17.14.37328.6 d17.14
MinimumVisualStudioVersion = 10.0.40219.1
Project("{FAE04EC0-301F-11D3-BF4B-00C04F79EFBC}") = "AgroForum", "AgroForum\AgroForum.csproj", "{1EAF6FD3-5387-4B20-8D7F-B446C7F607B2}"
EndProject
Global
	GlobalSection(SolutionConfigurationPlatforms) = preSolution
		Debug|Any CPU = Debug|Any CPU
		Release|Any CPU = Release|Any CPU
	EndGlobalSection
	GlobalSection(ProjectConfigurationPlatforms) = postSolution
		{1EAF6FD3-5387-4B20-8D7F-B446C7F607B2}.Debug|Any CPU.ActiveCfg = Debug|Any CPU
		{1EAF6FD3-5387-4B20-8D7F-B446C7F607B2}.Debug|Any CPU.Build.0 = Debug|Any CPU
		{1EAF6FD3-5387-4B20-8D7F-B446C7F607B2}.Release|Any CPU.ActiveCfg = Release|Any CPU
		{1EAF6FD3-5387-4B20-8D7F-B446C7F607B2}.Release|Any CPU.Build.0 = Release|Any CPU
	EndGlobalSection
	GlobalSection(SolutionProperties) = preSolution
		HideSolutionNode = FALSE
	EndGlobalSection
	GlobalSection(ExtensibilityGlobals) = postSolution
		SolutionGuid = {4707C517-07C8-4138-81C5-DF4116FCEFA1}
	EndGlobalSection
EndGlobal
